// !$*UTF8*$!
{
	archiveVersion = 1;
	classes = {
	};
	objectVersion = 52;
	objects = {

/* Begin PBXBuildFile section */
		4E76B5A524FD5F1100132F52 /* PythagorasProofsApp.swift in Sources */ = {isa = PBXBuildFile; fileRef = 4E76B5A424FD5F1100132F52 /* PythagorasProofsApp.swift */; };
		4E76B5A724FD5F1100132F52 /* ContentView.swift in Sources */ = {isa = PBXBuildFile; fileRef = 4E76B5A624FD5F1100132F52 /* ContentView.swift */; };
		4E76B5A924FD5F1500132F52 /* Assets.xcassets in Resources */ = {isa = PBXBuildFile; fileRef = 4E76B5A824FD5F1500132F52 /* Assets.xcassets */; };
		4E76B5AC24FD5F1500132F52 /* Preview Assets.xcassets in Resources */ = {isa = PBXBuildFile; fileRef = 4E76B5AB24FD5F1500132F52 /* Preview Assets.xcassets */; };
		4E76B5B724FD5F1500132F52 /* PythagorasProofsTests.swift in Sources */ = {isa = PBXBuildFile; fileRef = 4E76B5B624FD5F1500132F52 /* PythagorasProofsTests.swift */; };
		4E76B5C224FD5F1500132F52 /* PythagorasProofsUITests.swift in Sources */ = {isa = PBXBuildFile; fileRef = 4E76B5C124FD5F1500132F52 /* PythagorasProofsUITests.swift */; };
		4E76B5D124FD5F9400132F52 /* PureSwiftUI in Frameworks */ = {isa = PBXBuildFile; productRef = 4E76B5D024FD5F9400132F52 /* PureSwiftUI */; };
		4E76B5D324FD602200132F52 /* RightAngledTriangle.swift in Sources */ = {isa = PBXBuildFile; fileRef = 4E76B5D224FD602200132F52 /* RightAngledTriangle.swift */; };
		4E76B5D724FD67B900132F52 /* PythagorasTheorem.swift in Sources */ = {isa = PBXBuildFile; fileRef = 4E76B5D624FD67B900132F52 /* PythagorasTheorem.swift */; };
		4E76B5D924FD698200132F52 /* ProofOne.swift in Sources */ = {isa = PBXBuildFile; fileRef = 4E76B5D824FD698200132F52 /* ProofOne.swift */; };
		4E76B5DB24FD6E3200132F52 /* ProofOnePt2.swift in Sources */ = {isa = PBXBuildFile; fileRef = 4E76B5DA24FD6E3200132F52 /* ProofOnePt2.swift */; };
		4E76B5DD24FD72DC00132F52 /* ProofTwo.swift in Sources */ = {isa = PBXBuildFile; fileRef = 4E76B5DC24FD72DC00132F52 /* ProofTwo.swift */; };
		4E76B5DF24FD76A000132F52 /* ProofThree.swift in Sources */ = {isa = PBXBuildFile; fileRef = 4E76B5DE24FD76A000132F52 /* ProofThree.swift */; };
		4E76B5E124FD7E0400132F52 /* ProofFour.swift in Sources */ = {isa = PBXBuildFile; fileRef = 4E76B5E024FD7E0400132F52 /* ProofFour.swift */; };
		4E76B5E324FD853200132F52 /* ProofFive.swift in Sources */ = {isa = PBXBuildFile; fileRef = 4E76B5E224FD853200132F52 /* ProofFive.swift */; };
		4E76B5E524FDAFC200132F52 /* ProofSix.swift in Sources */ = {isa = PBXBuildFile; fileRef = 4E76B5E424FDAFC200132F52 /* ProofSix.swift */; };
		4E76B5E724FDB5D800132F52 /* Explained.swift in Sources */ = {isa = PBXBuildFile; fileRef = 4E76B5E624FDB5D800132F52 /* Explained.swift */; };
		4E76B5E924FDCB0700132F52 /* ProofSeven.swift in Sources */ = {isa = PBXBuildFile; fileRef = 4E76B5E824FDCB0700132F52 /* ProofSeven.swift */; };
/* End PBXBuildFile section */

/* Begin PBXContainerItemProxy section */
		4E76B5B324FD5F1500132F52 /* PBXContainerItemProxy */ = {
			isa = PBXContainerItemProxy;
			containerPortal = 4E76B59924FD5F1100132F52 /* Project object */;
			proxyType = 1;
			remoteGlobalIDString = 4E76B5A024FD5F1100132F52;
			remoteInfo = PythagorasProofs;
		};
		4E76B5BE24FD5F1500132F52 /* PBXContainerItemProxy */ = {
			isa = PBXContainerItemProxy;
			containerPortal = 4E76B59924FD5F1100132F52 /* Project object */;
			proxyType = 1;
			remoteGlobalIDString = 4E76B5A024FD5F1100132F52;
			remoteInfo = PythagorasProofs;
		};
/* End PBXContainerItemProxy section */

/* Begin PBXFileReference section */
		4E76B5A124FD5F1100132F52 /* PythagorasProofs.app */ = {isa = PBXFileReference; explicitFileType = wrapper.application; includeInIndex = 0; path = PythagorasProofs.app; sourceTree = BUILT_PRODUCTS_DIR; };
		4E76B5A424FD5F1100132F52 /* PythagorasProofsApp.swift */ = {isa = PBXFileReference; lastKnownFileType = sourcecode.swift; path = PythagorasProofsApp.swift; sourceTree = "<group>"; };
		4E76B5A624FD5F1100132F52 /* ContentView.swift */ = {isa = PBXFileReference; lastKnownFileType = sourcecode.swift; path = ContentView.swift; sourceTree = "<group>"; };
		4E76B5A824FD5F1500132F52 /* Assets.xcassets */ = {isa = PBXFileReference; lastKnownFileType = folder.assetcatalog; path = Assets.xcassets; sourceTree = "<group>"; };
		4E76B5AB24FD5F1500132F52 /* Preview Assets.xcassets */ = {isa = PBXFileReference; lastKnownFileType = folder.assetcatalog; path = "Preview Assets.xcassets"; sourceTree = "<group>"; };
		4E76B5AD24FD5F1500132F52 /* Info.plist */ = {isa = PBXFileReference; lastKnownFileType = text.plist.xml; path = Info.plist; sourceTree = "<group>"; };
		4E76B5B224FD5F1500132F52 /* PythagorasProofsTests.xctest */ = {isa = PBXFileReference; explicitFileType = wrapper.cfbundle; includeInIndex = 0; path = PythagorasProofsTests.xctest; sourceTree = BUILT_PRODUCTS_DIR; };
		4E76B5B624FD5F1500132F52 /* PythagorasProofsTests.swift */ = {isa = PBXFileReference; lastKnownFileType = sourcecode.swift; path = PythagorasProofsTests.swift; sourceTree = "<group>"; };
		4E76B5B824FD5F1500132F52 /* Info.plist */ = {isa = PBXFileReference; lastKnownFileType = text.plist.xml; path = Info.plist; sourceTree = "<group>"; };
		4E76B5BD24FD5F1500132F52 /* PythagorasProofsUITests.xctest */ = {isa = PBXFileReference; explicitFileType = wrapper.cfbundle; includeInIndex = 0; path = PythagorasProofsUITests.xctest; sourceTree = BUILT_PRODUCTS_DIR; };
		4E76B5C124FD5F1500132F52 /* PythagorasProofsUITests.swift */ = {isa = PBXFileReference; lastKnownFileType = sourcecode.swift; path = PythagorasProofsUITests.swift; sourceTree = "<group>"; };
		4E76B5C324FD5F1500132F52 /* Info.plist */ = {isa = PBXFileReference; lastKnownFileType = text.plist.xml; path = Info.plist; sourceTree = "<group>"; };
		4E76B5D224FD602200132F52 /* RightAngledTriangle.swift */ = {isa = PBXFileReference; lastKnownFileType = sourcecode.swift; path = RightAngledTriangle.swift; sourceTree = "<group>"; };
		4E76B5D624FD67B900132F52 /* PythagorasTheorem.swift */ = {isa = PBXFileReference; lastKnownFileType = sourcecode.swift; path = PythagorasTheorem.swift; sourceTree = "<group>"; };
		4E76B5D824FD698200132F52 /* ProofOne.swift */ = {isa = PBXFileReference; lastKnownFileType = sourcecode.swift; path = ProofOne.swift; sourceTree = "<group>"; };
		4E76B5DA24FD6E3200132F52 /* ProofOnePt2.swift */ = {isa = PBXFileReference; lastKnownFileType = sourcecode.swift; path = ProofOnePt2.swift; sourceTree = "<group>"; };
		4E76B5DC24FD72DC00132F52 /* ProofTwo.swift */ = {isa = PBXFileReference; lastKnownFileType = sourcecode.swift; path = ProofTwo.swift; sourceTree = "<group>"; };
		4E76B5DE24FD76A000132F52 /* ProofThree.swift */ = {isa = PBXFileReference; lastKnownFileType = sourcecode.swift; path = ProofThree.swift; sourceTree = "<group>"; };
		4E76B5E024FD7E0400132F52 /* ProofFour.swift */ = {isa = PBXFileReference; lastKnownFileType = sourcecode.swift; path = ProofFour.swift; sourceTree = "<group>"; };
		4E76B5E224FD853200132F52 /* ProofFive.swift */ = {isa = PBXFileReference; lastKnownFileType = sourcecode.swift; path = ProofFive.swift; sourceTree = "<group>"; };
		4E76B5E424FDAFC200132F52 /* ProofSix.swift */ = {isa = PBXFileReference; lastKnownFileType = sourcecode.swift; path = ProofSix.swift; sourceTree = "<group>"; };
		4E76B5E624FDB5D800132F52 /* Explained.swift */ = {isa = PBXFileReference; lastKnownFileType = sourcecode.swift; path = Explained.swift; sourceTree = "<group>"; };
		4E76B5E824FDCB0700132F52 /* ProofSeven.swift */ = {isa = PBXFileReference; lastKnownFileType = sourcecode.swift; path = ProofSeven.swift; sourceTree = "<group>"; };
/* End PBXFileReference section */

/* Begin PBXFrameworksBuildPhase section */
		4E76B59E24FD5F1100132F52 /* Frameworks */ = {
			isa = PBXFrameworksBuildPhase;
			buildActionMask = 2147483647;
			files = (
				4E76B5D124FD5F9400132F52 /* PureSwiftUI in Frameworks */,
			);
			runOnlyForDeploymentPostprocessing = 0;
		};
		4E76B5AF24FD5F1500132F52 /* Frameworks */ = {
			isa = PBXFrameworksBuildPhase;
			buildActionMask = 2147483647;
			files = (
			);
			runOnlyForDeploymentPostprocessing = 0;
		};
		4E76B5BA24FD5F1500132F52 /* Frameworks */ = {
			isa = PBXFrameworksBuildPhase;
			buildActionMask = 2147483647;
			files = (
			);
			runOnlyForDeploymentPostprocessing = 0;
		};
/* End PBXFrameworksBuildPhase section */

/* Begin PBXGroup section */
		4E76B59824FD5F1100132F52 = {
			isa = PBXGroup;
			children = (
				4E76B5A324FD5F1100132F52 /* PythagorasProofs */,
				4E76B5B524FD5F1500132F52 /* PythagorasProofsTests */,
				4E76B5C024FD5F1500132F52 /* PythagorasProofsUITests */,
				4E76B5A224FD5F1100132F52 /* Products */,
			);
			sourceTree = "<group>";
		};
		4E76B5A224FD5F1100132F52 /* Products */ = {
			isa = PBXGroup;
			children = (
				4E76B5A124FD5F1100132F52 /* PythagorasProofs.app */,
				4E76B5B224FD5F1500132F52 /* PythagorasProofsTests.xctest */,
				4E76B5BD24FD5F1500132F52 /* PythagorasProofsUITests.xctest */,
			);
			name = Products;
			sourceTree = "<group>";
		};
		4E76B5A324FD5F1100132F52 /* PythagorasProofs */ = {
			isa = PBXGroup;
			children = (
				4E76B5A424FD5F1100132F52 /* PythagorasProofsApp.swift */,
				4E76B5A624FD5F1100132F52 /* ContentView.swift */,
				4E76B5D624FD67B900132F52 /* PythagorasTheorem.swift */,
				4E76B5E624FDB5D800132F52 /* Explained.swift */,
				4E76B5D224FD602200132F52 /* RightAngledTriangle.swift */,
				4E76B5D824FD698200132F52 /* ProofOne.swift */,
				4E76B5DA24FD6E3200132F52 /* ProofOnePt2.swift */,
				4E76B5DC24FD72DC00132F52 /* ProofTwo.swift */,
				4E76B5DE24FD76A000132F52 /* ProofThree.swift */,
				4E76B5E024FD7E0400132F52 /* ProofFour.swift */,
				4E76B5E224FD853200132F52 /* ProofFive.swift */,
				4E76B5E424FDAFC200132F52 /* ProofSix.swift */,
				4E76B5E824FDCB0700132F52 /* ProofSeven.swift */,
				4E76B5A824FD5F1500132F52 /* Assets.xcassets */,
				4E76B5AD24FD5F1500132F52 /* Info.plist */,
				4E76B5AA24FD5F1500132F52 /* Preview Content */,
			);
			path = PythagorasProofs;
			sourceTree = "<group>";
		};
		4E76B5AA24FD5F1500132F52 /* Preview Content */ = {
			isa = PBXGroup;
			children = (
				4E76B5AB24FD5F1500132F52 /* Preview Assets.xcassets */,
			);
			path = "Preview Content";
			sourceTree = "<group>";
		};
		4E76B5B524FD5F1500132F52 /* PythagorasProofsTests */ = {
			isa = PBXGroup;
			children = (
				4E76B5B624FD5F1500132F52 /* PythagorasProofsTests.swift */,
				4E76B5B824FD5F1500132F52 /* Info.plist */,
			);
			path = PythagorasProofsTests;
			sourceTree = "<group>";
		};
		4E76B5C024FD5F1500132F52 /* PythagorasProofsUITests */ = {
			isa = PBXGroup;
			children = (
				4E76B5C124FD5F1500132F52 /* PythagorasProofsUITests.swift */,
				4E76B5C324FD5F1500132F52 /* Info.plist */,
			);
			path = PythagorasProofsUITests;
			sourceTree = "<group>";
		};
/* End PBXGroup section */

/* Begin PBXNativeTarget section */
		4E76B5A024FD5F1100132F52 /* PythagorasProofs */ = {
			isa = PBXNativeTarget;
			buildConfigurationList = 4E76B5C624FD5F1500132F52 /* Build configuration list for PBXNativeTarget "PythagorasProofs" */;
			buildPhases = (
				4E76B59D24FD5F1100132F52 /* Sources */,
				4E76B59E24FD5F1100132F52 /* Frameworks */,
				4E76B59F24FD5F1100132F52 /* Resources */,
			);
			buildRules = (
			);
			dependencies = (
			);
			name = PythagorasProofs;
			packageProductDependencies = (
				4E76B5D024FD5F9400132F52 /* PureSwiftUI */,
			);
			productName = PythagorasProofs;
			productReference = 4E76B5A124FD5F1100132F52 /* PythagorasProofs.app */;
			productType = "com.apple.product-type.application";
		};
		4E76B5B124FD5F1500132F52 /* PythagorasProofsTests */ = {
			isa = PBXNativeTarget;
			buildConfigurationList = 4E76B5C924FD5F1500132F52 /* Build configuration list for PBXNativeTarget "PythagorasProofsTests" */;
			buildPhases = (
				4E76B5AE24FD5F1500132F52 /* Sources */,
				4E76B5AF24FD5F1500132F52 /* Frameworks */,
				4E76B5B024FD5F1500132F52 /* Resources */,
			);
			buildRules = (
			);
			dependencies = (
				4E76B5B424FD5F1500132F52 /* PBXTargetDependency */,
			);
			name = PythagorasProofsTests;
			productName = PythagorasProofsTests;
			productReference = 4E76B5B224FD5F1500132F52 /* PythagorasProofsTests.xctest */;
			productType = "com.apple.product-type.bundle.unit-test";
		};
		4E76B5BC24FD5F1500132F52 /* PythagorasProofsUITests */ = {
			isa = PBXNativeTarget;
			buildConfigurationList = 4E76B5CC24FD5F1500132F52 /* Build configuration list for PBXNativeTarget "PythagorasProofsUITests" */;
			buildPhases = (
				4E76B5B924FD5F1500132F52 /* Sources */,
				4E76B5BA24FD5F1500132F52 /* Frameworks */,
				4E76B5BB24FD5F1500132F52 /* Resources */,
			);
			buildRules = (
			);
			dependencies = (
				4E76B5BF24FD5F1500132F52 /* PBXTargetDependency */,
			);
			name = PythagorasProofsUITests;
			productName = PythagorasProofsUITests;
			productReference = 4E76B5BD24FD5F1500132F52 /* PythagorasProofsUITests.xctest */;
			productType = "com.apple.product-type.bundle.ui-testing";
		};
/* End PBXNativeTarget section */

/* Begin PBXProject section */
		4E76B59924FD5F1100132F52 /* Project object */ = {
			isa = PBXProject;
			attributes = {
				LastSwiftUpdateCheck = 1200;
				LastUpgradeCheck = 1200;
				TargetAttributes = {
					4E76B5A024FD5F1100132F52 = {
						CreatedOnToolsVersion = 12.0;
					};
					4E76B5B124FD5F1500132F52 = {
						CreatedOnToolsVersion = 12.0;
						TestTargetID = 4E76B5A024FD5F1100132F52;
					};
					4E76B5BC24FD5F1500132F52 = {
						CreatedOnToolsVersion = 12.0;
						TestTargetID = 4E76B5A024FD5F1100132F52;
					};
				};
			};
			buildConfigurationList = 4E76B59C24FD5F1100132F52 /* Build configuration list for PBXProject "PythagorasProofs" */;
			compatibilityVersion = "Xcode 9.3";
			developmentRegion = en;
			hasScannedForEncodings = 0;
			knownRegions = (
				en,
				Base,
			);
			mainGroup = 4E76B59824FD5F1100132F52;
			packageReferences = (
				4E76B5CF24FD5F9400132F52 /* XCRemoteSwiftPackageReference "pure-swift-ui" */,
			);
			productRefGroup = 4E76B5A224FD5F1100132F52 /* Products */;
			projectDirPath = "";
			projectRoot = "";
			targets = (
				4E76B5A024FD5F1100132F52 /* PythagorasProofs */,
				4E76B5B124FD5F1500132F52 /* PythagorasProofsTests */,
				4E76B5BC24FD5F1500132F52 /* PythagorasProofsUITests */,
			);
		};
/* End PBXProject section */

/* Begin PBXResourcesBuildPhase section */
		4E76B59F24FD5F1100132F52 /* Resources */ = {
			isa = PBXResourcesBuildPhase;
			buildActionMask = 2147483647;
			files = (
				4E76B5AC24FD5F1500132F52 /* Preview Assets.xcassets in Resources */,
				4E76B5A924FD5F1500132F52 /* Assets.xcassets in Resources */,
			);
			runOnlyForDeploymentPostprocessing = 0;
		};
		4E76B5B024FD5F1500132F52 /* Resources */ = {
			isa = PBXResourcesBuildPhase;
			buildActionMask = 2147483647;
			files = (
			);
			runOnlyForDeploymentPostprocessing = 0;
		};
		4E76B5BB24FD5F1500132F52 /* Resources */ = {
			isa = PBXResourcesBuildPhase;
			buildActionMask = 2147483647;
			files = (
			);
			runOnlyForDeploymentPostprocessing = 0;
		};
/* End PBXResourcesBuildPhase section */

/* Begin PBXSourcesBuildPhase section */
		4E76B59D24FD5F1100132F52 /* Sources */ = {
			isa = PBXSourcesBuildPhase;
			buildActionMask = 2147483647;
			files = (
				4E76B5D724FD67B900132F52 /* PythagorasTheorem.swift in Sources */,
				4E76B5E924FDCB0700132F52 /* ProofSeven.swift in Sources */,
				4E76B5DF24FD76A000132F52 /* ProofThree.swift in Sources */,
				4E76B5E524FDAFC200132F52 /* ProofSix.swift in Sources */,
				4E76B5A724FD5F1100132F52 /* ContentView.swift in Sources */,
				4E76B5E724FDB5D800132F52 /* Explained.swift in Sources */,
				4E76B5D324FD602200132F52 /* RightAngledTriangle.swift in Sources */,
				4E76B5E324FD853200132F52 /* ProofFive.swift in Sources */,
				4E76B5A524FD5F1100132F52 /* PythagorasProofsApp.swift in Sources */,
				4E76B5E124FD7E0400132F52 /* ProofFour.swift in Sources */,
				4E76B5DB24FD6E3200132F52 /* ProofOnePt2.swift in Sources */,
				4E76B5D924FD698200132F52 /* ProofOne.swift in Sources */,
				4E76B5DD24FD72DC00132F52 /* ProofTwo.swift in Sources */,
			);
			runOnlyForDeploymentPostprocessing = 0;
		};
		4E76B5AE24FD5F1500132F52 /* Sources */ = {
			isa = PBXSourcesBuildPhase;
			buildActionMask = 2147483647;
			files = (
				4E76B5B724FD5F1500132F52 /* PythagorasProofsTests.swift in Sources */,
			);
			runOnlyForDeploymentPostprocessing = 0;
		};
		4E76B5B924FD5F1500132F52 /* Sources */ = {
			isa = PBXSourcesBuildPhase;
			buildActionMask = 2147483647;
			files = (
				4E76B5C224FD5F1500132F52 /* PythagorasProofsUITests.swift in Sources */,
			);
			runOnlyForDeploymentPostprocessing = 0;
		};
/* End PBXSourcesBuildPhase section */

/* Begin PBXTargetDependency section */
		4E76B5B424FD5F1500132F52 /* PBXTargetDependency */ = {
			isa = PBXTargetDependency;
			target = 4E76B5A024FD5F1100132F52 /* PythagorasProofs */;
			targetProxy = 4E76B5B324FD5F1500132F52 /* PBXContainerItemProxy */;
		};
		4E76B5BF24FD5F1500132F52 /* PBXTargetDependency */ = {
			isa = PBXTargetDependency;
			target = 4E76B5A024FD5F1100132F52 /* PythagorasProofs */;
			targetProxy = 4E76B5BE24FD5F1500132F52 /* PBXContainerItemProxy */;
		};
/* End PBXTargetDependency section */

/* Begin XCBuildConfiguration section */
		4E76B5C424FD5F1500132F52 /* Debug */ = {
			isa = XCBuildConfiguration;
			buildSettings = {
				ALWAYS_SEARCH_USER_PATHS = NO;
				CLANG_ANALYZER_NONNULL = YES;
				CLANG_ANALYZER_NUMBER_OBJECT_CONVERSION = YES_AGGRESSIVE;
				CLANG_CXX_LANGUAGE_STANDARD = "gnu++14";
				CLANG_CXX_LIBRARY = "libc++";
				CLANG_ENABLE_MODULES = YES;
				CLANG_ENABLE_OBJC_ARC = YES;
				CLANG_ENABLE_OBJC_WEAK = YES;
				CLANG_WARN_BLOCK_CAPTURE_AUTORELEASING = YES;
				CLANG_WARN_BOOL_CONVERSION = YES;
				CLANG_WARN_COMMA = YES;
				CLANG_WARN_CONSTANT_CONVERSION = YES;
				CLANG_WARN_DEPRECATED_OBJC_IMPLEMENTATIONS = YES;
				CLANG_WARN_DIRECT_OBJC_ISA_USAGE = YES_ERROR;
				CLANG_WARN_DOCUMENTATION_COMMENTS = YES;
				CLANG_WARN_EMPTY_BODY = YES;
				CLANG_WARN_ENUM_CONVERSION = YES;
				CLANG_WARN_INFINITE_RECURSION = YES;
				CLANG_WARN_INT_CONVERSION = YES;
				CLANG_WARN_NON_LITERAL_NULL_CONVERSION = YES;
				CLANG_WARN_OBJC_IMPLICIT_RETAIN_SELF = YES;
				CLANG_WARN_OBJC_LITERAL_CONVERSION = YES;
				CLANG_WARN_OBJC_ROOT_CLASS = YES_ERROR;
				CLANG_WARN_QUOTED_INCLUDE_IN_FRAMEWORK_HEADER = YES;
				CLANG_WARN_RANGE_LOOP_ANALYSIS = YES;
				CLANG_WARN_STRICT_PROTOTYPES = YES;
				CLANG_WARN_SUSPICIOUS_MOVE = YES;
				CLANG_WARN_UNGUARDED_AVAILABILITY = YES_AGGRESSIVE;
				CLANG_WARN_UNREACHABLE_CODE = YES;
				CLANG_WARN__DUPLICATE_METHOD_MATCH = YES;
				COPY_PHASE_STRIP = NO;
				DEBUG_INFORMATION_FORMAT = dwarf;
				ENABLE_STRICT_OBJC_MSGSEND = YES;
				ENABLE_TESTABILITY = YES;
				GCC_C_LANGUAGE_STANDARD = gnu11;
				GCC_DYNAMIC_NO_PIC = NO;
				GCC_NO_COMMON_BLOCKS = YES;
				GCC_OPTIMIZATION_LEVEL = 0;
				GCC_PREPROCESSOR_DEFINITIONS = (
					"DEBUG=1",
					"$(inherited)",
				);
				GCC_WARN_64_TO_32_BIT_CONVERSION = YES;
				GCC_WARN_ABOUT_RETURN_TYPE = YES_ERROR;
				GCC_WARN_UNDECLARED_SELECTOR = YES;
				GCC_WARN_UNINITIALIZED_AUTOS = YES_AGGRESSIVE;
				GCC_WARN_UNUSED_FUNCTION = YES;
				GCC_WARN_UNUSED_VARIABLE = YES;
				IPHONEOS_DEPLOYMENT_TARGET = 14.0;
				MTL_ENABLE_DEBUG_INFO = INCLUDE_SOURCE;
				MTL_FAST_MATH = YES;
				ONLY_ACTIVE_ARCH = YES;
				SDKROOT = iphoneos;
				SWIFT_ACTIVE_COMPILATION_CONDITIONS = DEBUG;
				SWIFT_OPTIMIZATION_LEVEL = "-Onone";
			};
			name = Debug;
		};
		4E76B5C524FD5F1500132F52 /* Release */ = {
			isa = XCBuildConfiguration;
			buildSettings = {
				ALWAYS_SEARCH_USER_PATHS = NO;
				CLANG_ANALYZER_NONNULL = YES;
				CLANG_ANALYZER_NUMBER_OBJECT_CONVERSION = YES_AGGRESSIVE;
				CLANG_CXX_LANGUAGE_STANDARD = "gnu++14";
				CLANG_CXX_LIBRARY = "libc++";
				CLANG_ENABLE_MODULES = YES;
				CLANG_ENABLE_OBJC_ARC = YES;
				CLANG_ENABLE_OBJC_WEAK = YES;
				CLANG_WARN_BLOCK_CAPTURE_AUTORELEASING = YES;
				CLANG_WARN_BOOL_CONVERSION = YES;
				CLANG_WARN_COMMA = YES;
				CLANG_WARN_CONSTANT_CONVERSION = YES;
				CLANG_WARN_DEPRECATED_OBJC_IMPLEMENTATIONS = YES;
				CLANG_WARN_DIRECT_OBJC_ISA_USAGE = YES_ERROR;
				CLANG_WARN_DOCUMENTATION_COMMENTS = YES;
				CLANG_WARN_EMPTY_BODY = YES;
				CLANG_WARN_ENUM_CONVERSION = YES;
				CLANG_WARN_INFINITE_RECURSION = YES;
				CLANG_WARN_INT_CONVERSION = YES;
				CLANG_WARN_NON_LITERAL_NULL_CONVERSION = YES;
				CLANG_WARN_OBJC_IMPLICIT_RETAIN_SELF = YES;
				CLANG_WARN_OBJC_LITERAL_CONVERSION = YES;
				CLANG_WARN_OBJC_ROOT_CLASS = YES_ERROR;
				CLANG_WARN_QUOTED_INCLUDE_IN_FRAMEWORK_HEADER = YES;
				CLANG_WARN_RANGE_LOOP_ANALYSIS = YES;
				CLANG_WARN_STRICT_PROTOTYPES = YES;
				CLANG_WARN_SUSPICIOUS_MOVE = YES;
				CLANG_WARN_UNGUARDED_AVAILABILITY = YES_AGGRESSIVE;
				CLANG_WARN_UNREACHABLE_CODE = YES;
				CLANG_WARN__DUPLICATE_METHOD_MATCH = YES;
				COPY_PHASE_STRIP = NO;
				DEBUG_INFORMATION_FORMAT = "dwarf-with-dsym";
				ENABLE_NS_ASSERTIONS = NO;
				ENABLE_STRICT_OBJC_MSGSEND = YES;
				GCC_C_LANGUAGE_STANDARD = gnu11;
				GCC_NO_COMMON_BLOCKS = YES;
				GCC_WARN_64_TO_32_BIT_CONVERSION = YES;
				GCC_WARN_ABOUT_RETURN_TYPE = YES_ERROR;
				GCC_WARN_UNDECLARED_SELECTOR = YES;
				GCC_WARN_UNINITIALIZED_AUTOS = YES_AGGRESSIVE;
				GCC_WARN_UNUSED_FUNCTION = YES;
				GCC_WARN_UNUSED_VARIABLE = YES;
				IPHONEOS_DEPLOYMENT_TARGET = 14.0;
				MTL_ENABLE_DEBUG_INFO = NO;
				MTL_FAST_MATH = YES;
				SDKROOT = iphoneos;
				SWIFT_COMPILATION_MODE = wholemodule;
				SWIFT_OPTIMIZATION_LEVEL = "-O";
				VALIDATE_PRODUCT = YES;
			};
			name = Release;
		};
		4E76B5C724FD5F1500132F52 /* Debug */ = {
			isa = XCBuildConfiguration;
			buildSettings = {
				ASSETCATALOG_COMPILER_APPICON_NAME = AppIcon;
				ASSETCATALOG_COMPILER_GLOBAL_ACCENT_COLOR_NAME = AccentColor;
				CODE_SIGN_STYLE = Automatic;
				DEVELOPMENT_ASSET_PATHS = "\"PythagorasProofs/Preview Content\"";
				DEVELOPMENT_TEAM = CW6X9K8LMH;
				ENABLE_PREVIEWS = YES;
				INFOPLIST_FILE = PythagorasProofs/Info.plist;
				IPHONEOS_DEPLOYMENT_TARGET = 14.0;
				LD_RUNPATH_SEARCH_PATHS = (
					"$(inherited)",
					"@executable_path/Frameworks",
				);
				PRODUCT_BUNDLE_IDENTIFIER = Hudson.PythagorasProofs;
				PRODUCT_NAME = "$(TARGET_NAME)";
				SWIFT_VERSION = 5.0;
				TARGETED_DEVICE_FAMILY = "1,2";
			};
			name = Debug;
		};
		4E76B5C824FD5F1500132F52 /* Release */ = {
			isa = XCBuildConfiguration;
			buildSettings = {
				ASSETCATALOG_COMPILER_APPICON_NAME = AppIcon;
				ASSETCATALOG_COMPILER_GLOBAL_ACCENT_COLOR_NAME = AccentColor;
				CODE_SIGN_STYLE = Automatic;
				DEVELOPMENT_ASSET_PATHS = "\"PythagorasProofs/Preview Content\"";
				DEVELOPMENT_TEAM = CW6X9K8LMH;
				ENABLE_PREVIEWS = YES;
				INFOPLIST_FILE = PythagorasProofs/Info.plist;
				IPHONEOS_DEPLOYMENT_TARGET = 14.0;
				LD_RUNPATH_SEARCH_PATHS = (
					"$(inherited)",
					"@executable_path/Frameworks",
				);
				PRODUCT_BUNDLE_IDENTIFIER = Hudson.PythagorasProofs;
				PRODUCT_NAME = "$(TARGET_NAME)";
				SWIFT_VERSION = 5.0;
				TARGETED_DEVICE_FAMILY = "1,2";
			};
			name = Release;
		};
		4E76B5CA24FD5F1500132F52 /* Debug */ = {
			isa = XCBuildConfiguration;
			buildSettings = {
				ALWAYS_EMBED_SWIFT_STANDARD_LIBRARIES = YES;
				BUNDLE_LOADER = "$(TEST_HOST)";
				CODE_SIGN_STYLE = Automatic;
				DEVELOPMENT_TEAM = CW6X9K8LMH;
				INFOPLIST_FILE = PythagorasProofsTests/Info.plist;
				IPHONEOS_DEPLOYMENT_TARGET = 14.0;
				LD_RUNPATH_SEARCH_PATHS = (
					"$(inherited)",
					"@executable_path/Frameworks",
					"@loader_path/Frameworks",
				);
				PRODUCT_BUNDLE_IDENTIFIER = Hudson.PythagorasProofsTests;
				PRODUCT_NAME = "$(TARGET_NAME)";
				SWIFT_VERSION = 5.0;
				TARGETED_DEVICE_FAMILY = "1,2";
				TEST_HOST = "$(BUILT_PRODUCTS_DIR)/PythagorasProofs.app/PythagorasProofs";
			};
			name = Debug;
		};
		4E76B5CB24FD5F1500132F52 /* Release */ = {
			isa = XCBuildConfiguration;
			buildSettings = {
				ALWAYS_EMBED_SWIFT_STANDARD_LIBRARIES = YES;
				BUNDLE_LOADER = "$(TEST_HOST)";
				CODE_SIGN_STYLE = Automatic;
				DEVELOPMENT_TEAM = CW6X9K8LMH;
				INFOPLIST_FILE = PythagorasProofsTests/Info.plist;
				IPHONEOS_DEPLOYMENT_TARGET = 14.0;
				LD_RUNPATH_SEARCH_PATHS = (
					"$(inherited)",
					"@executable_path/Frameworks",
					"@loader_path/Frameworks",
				);
				PRODUCT_BUNDLE_IDENTIFIER = Hudson.PythagorasProofsTests;
				PRODUCT_NAME = "$(TARGET_NAME)";
				SWIFT_VERSION = 5.0;
				TARGETED_DEVICE_FAMILY = "1,2";
				TEST_HOST = "$(BUILT_PRODUCTS_DIR)/PythagorasProofs.app/PythagorasProofs";
			};
			name = Release;
		};
		4E76B5CD24FD5F1500132F52 /* Debug */ = {
			isa = XCBuildConfiguration;
			buildSettings = {
				ALWAYS_EMBED_SWIFT_STANDARD_LIBRARIES = YES;
				CODE_SIGN_STYLE = Automatic;
				DEVELOPMENT_TEAM = CW6X9K8LMH;
				INFOPLIST_FILE = PythagorasProofsUITests/Info.plist;
				LD_RUNPATH_SEARCH_PATHS = (
					"$(inherited)",
					"@executable_path/Frameworks",
					"@loader_path/Frameworks",
				);
				PRODUCT_BUNDLE_IDENTIFIER = Hudson.PythagorasProofsUITests;
				PRODUCT_NAME = "$(TARGET_NAME)";
				SWIFT_VERSION = 5.0;
				TARGETED_DEVICE_FAMILY = "1,2";
				TEST_TARGET_NAME = PythagorasProofs;
			};
			name = Debug;
		};
		4E76B5CE24FD5F1500132F52 /* Release */ = {
			isa = XCBuildConfiguration;
			buildSettings = {
				ALWAYS_EMBED_SWIFT_STANDARD_LIBRARIES = YES;
				CODE_SIGN_STYLE = Automatic;
				DEVELOPMENT_TEAM = CW6X9K8LMH;
				INFOPLIST_FILE = PythagorasProofsUITests/Info.plist;
				LD_RUNPATH_SEARCH_PATHS = (
					"$(inherited)",
					"@executable_path/Frameworks",
					"@loader_path/Frameworks",
				);
				PRODUCT_BUNDLE_IDENTIFIER = Hudson.PythagorasProofsUITests;
				PRODUCT_NAME = "$(TARGET_NAME)";
				SWIFT_VERSION = 5.0;
				TARGETED_DEVICE_FAMILY = "1,2";
				TEST_TARGET_NAME = PythagorasProofs;
			};
			name = Release;
		};
/* End XCBuildConfiguration section */

/* Begin XCConfigurationList section */
		4E76B59C24FD5F1100132F52 /* Build configuration list for PBXProject "PythagorasProofs" */ = {
			isa = XCConfigurationList;
			buildConfigurations = (
				4E76B5C424FD5F1500132F52 /* Debug */,
				4E76B5C524FD5F1500132F52 /* Release */,
			);
			defaultConfigurationIsVisible = 0;
			defaultConfigurationName = Release;
		};
		4E76B5C624FD5F1500132F52 /* Build configuration list for PBXNativeTarget "PythagorasProofs" */ = {
			isa = XCConfigurationList;
			buildConfigurations = (
				4E76B5C724FD5F1500132F52 /* Debug */,
				4E76B5C824FD5F1500132F52 /* Release */,
			);
			defaultConfigurationIsVisible = 0;
			defaultConfigurationName = Release;
		};
		4E76B5C924FD5F1500132F52 /* Build configuration list for PBXNativeTarget "PythagorasProofsTests" */ = {
			isa = XCConfigurationList;
			buildConfigurations = (
				4E76B5CA24FD5F1500132F52 /* Debug */,
				4E76B5CB24FD5F1500132F52 /* Release */,
			);
			defaultConfigurationIsVisible = 0;
			defaultConfigurationName = Release;
		};
		4E76B5CC24FD5F1500132F52 /* Build configuration list for PBXNativeTarget "PythagorasProofsUITests" */ = {
			isa = XCConfigurationList;
			buildConfigurations = (
				4E76B5CD24FD5F1500132F52 /* Debug */,
				4E76B5CE24FD5F1500132F52 /* Release */,
			);
			defaultConfigurationIsVisible = 0;
			defaultConfigurationName = Release;
		};
/* End XCConfigurationList section */

/* Begin XCRemoteSwiftPackageReference section */
		4E76B5CF24FD5F9400132F52 /* XCRemoteSwiftPackageReference "pure-swift-ui" */ = {
			isa = XCRemoteSwiftPackageReference;
			repositoryURL = "https://github.com/CodeSlicing/pure-swift-ui";
			requirement = {
				kind = upToNextMajorVersion;
				minimumVersion = 1.15.1;
			};
		};
/* End XCRemoteSwiftPackageReference section */

/* Begin XCSwiftPackageProductDependency section */
		4E76B5D024FD5F9400132F52 /* PureSwiftUI */ = {
			isa = XCSwiftPackageProductDependency;
			package = 4E76B5CF24FD5F9400132F52 /* XCRemoteSwiftPackageReference "pure-swift-ui" */;
			productName = PureSwiftUI;
		};
/* End XCSwiftPackageProductDependency section */
	};
	rootObject = 4E76B59924FD5F1100132F52 /* Project object */;
}
